
Microsoft Visual Studio Solution File, Format Version 12.00
# Visual Studio Version 17
VisualStudioVersion = 17.14.36414.22
MinimumVisualStudioVersion = 10.0.40219.1
Project("{2150E333-8FDC-42A3-9474-1A3956D46DE8}") = "Task0", "Task0", "{02EA681E-C7D8-13C7-8484-4AC65E1B71E8}"
EndProject
Project("{FAE04EC0-301F-11D3-BF4B-00C04F79EFBC}") = "Tyuiu.PautovaMO.Sprint1.Task0.V7", "Tyuiu.PautovaMO.Sprint1.Task0.V7\Tyuiu.PautovaMO.Sprint1.Task0.V7.csproj", "{C2551D89-A591-4F9C-868B-052759FB2723}"
EndProject
Project("{FAE04EC0-301F-11D3-BF4B-00C04F79EFBC}") = "Tyuiu.PautovaMO.Sprint1.Task0.V7.Lib", "Tyuiu.PautovaMO.Sprint1.Task0.V7.Lib\Tyuiu.PautovaMO.Sprint1.Task0.V7.Lib.csproj", "{412F11B4-3F70-4446-8C8B-55A398B44447}"
EndProject
Project("{FAE04EC0-301F-11D3-BF4B-00C04F79EFBC}") = "Tyuiu.PautovaMO.Sprint1.Task0.V7.Test", "Tyuiu.PautovaMO.Sprint1.Task0.V7.Test\Tyuiu.PautovaMO.Sprint1.Task0.V7.Test.csproj", "{4705E0E7-FA49-42F6-88CE-5EE3A072520A}"
EndProject
Project("{2150E333-8FDC-42A3-9474-1A3956D46DE8}") = "Task1", "Task1", "{C358FFA8-C9F7-4FA7-BF57-06FBA7E1AEE2}"
EndProject
Project("{FAE04EC0-301F-11D3-BF4B-00C04F79EFBC}") = "Tyuiu.PautovaMO.Sprint1.Task1.V30", "Tyuiu.PautovaMO.Sprint1.Task1.V30\Tyuiu.PautovaMO.Sprint1.Task1.V30.csproj", "{4B1DA36A-2C8A-47D8-8D8E-6E7A3899E672}"
EndProject
Project("{FAE04EC0-301F-11D3-BF4B-00C04F79EFBC}") = "Tyuiu.PautovaMO.Sprint1.Task1.V30.Lib", "Tyuiu.PautovaMO.Sprint1.Task1.V30.Lib\Tyuiu.PautovaMO.Sprint1.Task1.V30.Lib.csproj", "{88CFBEB4-5239-40F9-A653-9B921C1025DC}"
EndProject
Project("{FAE04EC0-301F-11D3-BF4B-00C04F79EFBC}") = "Tyuiu.PautovaMO.Sprint1.Task1.V30.Test", "Tyuiu.PautovaMO.Sprint1.Task1.V30.Test\Tyuiu.PautovaMO.Sprint1.Task1.V30.Test.csproj", "{356EE108-7C93-4831-99E7-4F7D6E3E14D3}"
EndProject
Project("{2150E333-8FDC-42A3-9474-1A3956D46DE8}") = "Task2", "Task2", "{A6001422-6DB6-49AE-AC56-8C0D16606778}"
EndProject
Project("{FAE04EC0-301F-11D3-BF4B-00C04F79EFBC}") = "Tyuiu.PautovaMO.Sprint1.Task2.V21", "Tyuiu.PautovaMO.Sprint1.Task2.V21\Tyuiu.PautovaMO.Sprint1.Task2.V21.csproj", "{B3510E37-FD9D-4CC0-8F80-2CEE749CFCB5}"
EndProject
Project("{FAE04EC0-301F-11D3-BF4B-00C04F79EFBC}") = "Tyuiu.PautovaMO.Sprint1.Task2.V21.Lib", "Tyuiu.PautovaMO.Sprint1.Task2.V21.Lib\Tyuiu.PautovaMO.Sprint1.Task2.V21.Lib.csproj", "{B057B058-A788-4989-8156-6FC6DB03C28C}"
EndProject
Project("{FAE04EC0-301F-11D3-BF4B-00C04F79EFBC}") = "Tyuiu.PautovaMO.Sprint1.Task2.V21.Test", "Tyuiu.PautovaMO.Sprint1.Task2.V21.Test\Tyuiu.PautovaMO.Sprint1.Task2.V21.Test.csproj", "{5C959145-38C8-48A5-B2E2-0FDA21D86047}"
EndProject
Project("{2150E333-8FDC-42A3-9474-1A3956D46DE8}") = "Task3", "Task3", "{0C787A3A-0E87-49B2-8474-B80EF0EFCCBF}"
EndProject
Project("{FAE04EC0-301F-11D3-BF4B-00C04F79EFBC}") = "Tyuiu.PautovaMO.Sprint1.Task3.V8", "Tyuiu.PautovaMO.Sprint1.Task3.V8\Tyuiu.PautovaMO.Sprint1.Task3.V8.csproj", "{D5783767-6A5F-4567-84C0-5F935470F52F}"
EndProject
Project("{FAE04EC0-301F-11D3-BF4B-00C04F79EFBC}") = "Tyuiu.PautovaMO.Sprint1.Task3.V8.Lib", "Tyuiu.PautovaMO.Sprint1.Task3.V8.Lib\Tyuiu.PautovaMO.Sprint1.Task3.V8.Lib.csproj", "{B18EBB4D-1BC1-491F-BA64-9A4EC694E7CF}"
EndProject
Project("{FAE04EC0-301F-11D3-BF4B-00C04F79EFBC}") = "Tyuiu.PautovaMO.Sprint1.Task3.V8.Test", "Tyuiu.PautovaMO.Sprint1.Task3.V8.Test\Tyuiu.PautovaMO.Sprint1.Task3.V8.Test.csproj", "{89847047-DE13-4BD1-B27A-5B0A67276357}"
EndProject
Global
	GlobalSection(SolutionConfigurationPlatforms) = preSolution
		Debug|Any CPU = Debug|Any CPU
		Release|Any CPU = Release|Any CPU
	EndGlobalSection
	GlobalSection(ProjectConfigurationPlatforms) = postSolution
		{C2551D89-A591-4F9C-868B-052759FB2723}.Debug|Any CPU.ActiveCfg = Debug|Any CPU
		{C2551D89-A591-4F9C-868B-052759FB2723}.Debug|Any CPU.Build.0 = Debug|Any CPU
		{C2551D89-A591-4F9C-868B-052759FB2723}.Release|Any CPU.ActiveCfg = Release|Any CPU
		{C2551D89-A591-4F9C-868B-052759FB2723}.Release|Any CPU.Build.0 = Release|Any CPU
		{412F11B4-3F70-4446-8C8B-55A398B44447}.Debug|Any CPU.ActiveCfg = Debug|Any CPU
		{412F11B4-3F70-4446-8C8B-55A398B44447}.Debug|Any CPU.Build.0 = Debug|Any CPU
		{412F11B4-3F70-4446-8C8B-55A398B44447}.Release|Any CPU.ActiveCfg = Release|Any CPU
		{412F11B4-3F70-4446-8C8B-55A398B44447}.Release|Any CPU.Build.0 = Release|Any CPU
		{4705E0E7-FA49-42F6-88CE-5EE3A072520A}.Debug|Any CPU.ActiveCfg = Debug|Any CPU
		{4705E0E7-FA49-42F6-88CE-5EE3A072520A}.Debug|Any CPU.Build.0 = Debug|Any CPU
		{4705E0E7-FA49-42F6-88CE-5EE3A072520A}.Release|Any CPU.ActiveCfg = Release|Any CPU
		{4705E0E7-FA49-42F6-88CE-5EE3A072520A}.Release|Any CPU.Build.0 = Release|Any CPU
		{4B1DA36A-2C8A-47D8-8D8E-6E7A3899E672}.Debug|Any CPU.ActiveCfg = Debug|Any CPU
		{4B1DA36A-2C8A-47D8-8D8E-6E7A3899E672}.Debug|Any CPU.Build.0 = Debug|Any CPU
		{4B1DA36A-2C8A-47D8-8D8E-6E7A3899E672}.Release|Any CPU.ActiveCfg = Release|Any CPU
		{4B1DA36A-2C8A-47D8-8D8E-6E7A3899E672}.Release|Any CPU.Build.0 = Release|Any CPU
		{88CFBEB4-5239-40F9-A653-9B921C1025DC}.Debug|Any CPU.ActiveCfg = Debug|Any CPU
		{88CFBEB4-5239-40F9-A653-9B921C1025DC}.Debug|Any CPU.Build.0 = Debug|Any CPU
		{88CFBEB4-5239-40F9-A653-9B921C1025DC}.Release|Any CPU.ActiveCfg = Release|Any CPU
		{88CFBEB4-5239-40F9-A653-9B921C1025DC}.Release|Any CPU.Build.0 = Release|Any CPU
		{356EE108-7C93-4831-99E7-4F7D6E3E14D3}.Debug|Any CPU.ActiveCfg = Debug|Any CPU
		{356EE108-7C93-4831-99E7-4F7D6E3E14D3}.Debug|Any CPU.Build.0 = Debug|Any CPU
		{356EE108-7C93-4831-99E7-4F7D6E3E14D3}.Release|Any CPU.ActiveCfg = Release|Any CPU
		{356EE108-7C93-4831-99E7-4F7D6E3E14D3}.Release|Any CPU.Build.0 = Release|Any CPU
		{B3510E37-FD9D-4CC0-8F80-2CEE749CFCB5}.Debug|Any CPU.ActiveCfg = Debug|Any CPU
		{B3510E37-FD9D-4CC0-8F80-2CEE749CFCB5}.Debug|Any CPU.Build.0 = Debug|Any CPU
		{B3510E37-FD9D-4CC0-8F80-2CEE749CFCB5}.Release|Any CPU.ActiveCfg = Release|Any CPU
		{B3510E37-FD9D-4CC0-8F80-2CEE749CFCB5}.Release|Any CPU.Build.0 = Release|Any CPU
		{B057B058-A788-4989-8156-6FC6DB03C28C}.Debug|Any CPU.ActiveCfg = Debug|Any CPU
		{B057B058-A788-4989-8156-6FC6DB03C28C}.Debug|Any CPU.Build.0 = Debug|Any CPU
		{B057B058-A788-4989-8156-6FC6DB03C28C}.Release|Any CPU.ActiveCfg = Release|Any CPU
		{B057B058-A788-4989-8156-6FC6DB03C28C}.Release|Any CPU.Build.0 = Release|Any CPU
		{5C959145-38C8-48A5-B2E2-0FDA21D86047}.Debug|Any CPU.ActiveCfg = Debug|Any CPU
		{5C959145-38C8-48A5-B2E2-0FDA21D86047}.Debug|Any CPU.Build.0 = Debug|Any CPU
		{5C959145-38C8-48A5-B2E2-0FDA21D86047}.Release|Any CPU.ActiveCfg = Release|Any CPU
		{5C959145-38C8-48A5-B2E2-0FDA21D86047}.Release|Any CPU.Build.0 = Release|Any CPU
		{D5783767-6A5F-4567-84C0-5F935470F52F}.Debug|Any CPU.ActiveCfg = Debug|Any CPU
		{D5783767-6A5F-4567-84C0-5F935470F52F}.Debug|Any CPU.Build.0 = Debug|Any CPU
		{D5783767-6A5F-4567-84C0-5F935470F52F}.Release|Any CPU.ActiveCfg = Release|Any CPU
		{D5783767-6A5F-4567-84C0-5F935470F52F}.Release|Any CPU.Build.0 = Release|Any CPU
		{B18EBB4D-1BC1-491F-BA64-9A4EC694E7CF}.Debug|Any CPU.ActiveCfg = Debug|Any CPU
		{B18EBB4D-1BC1-491F-BA64-9A4EC694E7CF}.Debug|Any CPU.Build.0 = Debug|Any CPU
		{B18EBB4D-1BC1-491F-BA64-9A4EC694E7CF}.Release|Any CPU.ActiveCfg = Release|Any CPU
		{B18EBB4D-1BC1-491F-BA64-9A4EC694E7CF}.Release|Any CPU.Build.0 = Release|Any CPU
		{89847047-DE13-4BD1-B27A-5B0A67276357}.Debug|Any CPU.ActiveCfg = Debug|Any CPU
		{89847047-DE13-4BD1-B27A-5B0A67276357}.Debug|Any CPU.Build.0 = Debug|Any CPU
		{89847047-DE13-4BD1-B27A-5B0A67276357}.Release|Any CPU.ActiveCfg = Release|Any CPU
		{89847047-DE13-4BD1-B27A-5B0A67276357}.Release|Any CPU.Build.0 = Release|Any CPU
	EndGlobalSection
	GlobalSection(SolutionProperties) = preSolution
		HideSolutionNode = FALSE
	EndGlobalSection
	GlobalSection(NestedProjects) = preSolution
		{C2551D89-A591-4F9C-868B-052759FB2723} = {02EA681E-C7D8-13C7-8484-4AC65E1B71E8}
		{412F11B4-3F70-4446-8C8B-55A398B44447} = {02EA681E-C7D8-13C7-8484-4AC65E1B71E8}
		{4705E0E7-FA49-42F6-88CE-5EE3A072520A} = {02EA681E-C7D8-13C7-8484-4AC65E1B71E8}
		{4B1DA36A-2C8A-47D8-8D8E-6E7A3899E672} = {C358FFA8-C9F7-4FA7-BF57-06FBA7E1AEE2}
		{88CFBEB4-5239-40F9-A653-9B921C1025DC} = {C358FFA8-C9F7-4FA7-BF57-06FBA7E1AEE2}
		{356EE108-7C93-4831-99E7-4F7D6E3E14D3} = {C358FFA8-C9F7-4FA7-BF57-06FBA7E1AEE2}
		{B3510E37-FD9D-4CC0-8F80-2CEE749CFCB5} = {A6001422-6DB6-49AE-AC56-8C0D16606778}
		{B057B058-A788-4989-8156-6FC6DB03C28C} = {A6001422-6DB6-49AE-AC56-8C0D16606778}
		{5C959145-38C8-48A5-B2E2-0FDA21D86047} = {A6001422-6DB6-49AE-AC56-8C0D16606778}
		{D5783767-6A5F-4567-84C0-5F935470F52F} = {0C787A3A-0E87-49B2-8474-B80EF0EFCCBF}
		{B18EBB4D-1BC1-491F-BA64-9A4EC694E7CF} = {0C787A3A-0E87-49B2-8474-B80EF0EFCCBF}
		{89847047-DE13-4BD1-B27A-5B0A67276357} = {0C787A3A-0E87-49B2-8474-B80EF0EFCCBF}
	EndGlobalSection
	GlobalSection(ExtensibilityGlobals) = postSolution
		SolutionGuid = {1C7D26B5-B3CB-4E5F-B881-9DE25BCA7AD6}
	EndGlobalSection
EndGlobal
